
Microsoft Visual Studio Solution File, Format Version 12.00
# Visual Studio Version 16
VisualStudioVersion = 16.0.32929.386
MinimumVisualStudioVersion = 10.0.40219.1
Project("{FAE04EC0-301F-11D3-BF4B-00C04F79EFBC}") = "StudentAdministrationSystem", "StudentAdministrationSystem\StudentAdministrationSystem.csproj", "{D5FC649B-D58A-41F8-B0BD-B75674BE2337}"
EndProject
Global
	GlobalSection(SolutionConfigurationPlatforms) = preSolution
		Debug|Any CPU = Debug|Any CPU
		Release|Any CPU = Release|Any CPU
	EndGlobalSection
	GlobalSection(ProjectConfigurationPlatforms) = postSolution
		{D5FC649B-D58A-41F8-B0BD-B75674BE2337}.Debug|Any CPU.ActiveCfg = Debug|Any CPU
		{D5FC649B-D58A-41F8-B0BD-B75674BE2337}.Debug|Any CPU.Build.0 = Debug|Any CPU
		{D5FC649B-D58A-41F8-B0BD-B75674BE2337}.Release|Any CPU.ActiveCfg = Release|Any CPU
		{D5FC649B-D58A-41F8-B0BD-B75674BE2337}.Release|Any CPU.Build.0 = Release|Any CPU
	EndGlobalSection
	GlobalSection(SolutionProperties) = preSolution
		HideSolutionNode = FALSE
	EndGlobalSection
	GlobalSection(ExtensibilityGlobals) = postSolution
		SolutionGuid = {566F99A4-418B-41D0-AD9E-ACDDEB142427}
	EndGlobalSection
EndGlobal
